
Microsoft Visual Studio Solution File, Format Version 12.00
# Visual Studio Version 17
VisualStudioVersion = 17.10.35122.118
MinimumVisualStudioVersion = 10.0.40219.1
Project("{FAE04EC0-301F-11D3-BF4B-00C04F79EFBC}") = "DiaryApplication", "DiaryApplication\DiaryApplication.csproj", "{4F6C0563-2AFF-4DFC-B230-E68FC65A9E01}"
EndProject
Global
	GlobalSection(SolutionConfigurationPlatforms) = preSolution
		Debug|Any CPU = Debug|Any CPU
		Release|Any CPU = Release|Any CPU
	EndGlobalSection
	GlobalSection(ProjectConfigurationPlatforms) = postSolution
		{4F6C0563-2AFF-4DFC-B230-E68FC65A9E01}.Debug|Any CPU.ActiveCfg = Debug|Any CPU
		{4F6C0563-2AFF-4DFC-B230-E68FC65A9E01}.Debug|Any CPU.Build.0 = Debug|Any CPU
		{4F6C0563-2AFF-4DFC-B230-E68FC65A9E01}.Release|Any CPU.ActiveCfg = Release|Any CPU
		{4F6C0563-2AFF-4DFC-B230-E68FC65A9E01}.Release|Any CPU.Build.0 = Release|Any CPU
	EndGlobalSection
	GlobalSection(SolutionProperties) = preSolution
		HideSolutionNode = FALSE
	EndGlobalSection
	GlobalSection(ExtensibilityGlobals) = postSolution
		SolutionGuid = {B2E6C5A4-90F6-4E0A-93F4-9F16FA353609}
	EndGlobalSection
EndGlobal
